{
  "name": "my-react-app",
  "version": "1.0.0",
  "lockfileVersion": 1,
  "requires": true,
  "dependencies": {
    "react-native-onboard": {
      "version": "2.6.0",
      "resolved": "https://npm.vexere.net/react-native-onboard/-/react-native-onboard-2.6.0.tgz",
      "integrity": "sha512-33mO3L0s4BxSPJEqpUaVVUVD28iMyVMO+ey4gB4fURVgQRTm1EcDydUsgRhiirGMKdyK8kqh6NI0TTKW7GSYSQ=="
    }
  }
}
